
Microsoft Visual Studio Solution File, Format Version 12.00
# Visual Studio Version 17
VisualStudioVersion = 17.1.32414.318
MinimumVisualStudioVersion = 10.0.40219.1
Project("{FAE04EC0-301F-11D3-BF4B-00C04F79EFBC}") = "Task-4", "Task-4.csproj", "{D228DF2F-96CA-465D-AE98-ABE8DFDE23EF}"
EndProject
Global
	GlobalSection(SolutionConfigurationPlatforms) = preSolution
		Debug|Any CPU = Debug|Any CPU
		Release|Any CPU = Release|Any CPU
	EndGlobalSection
	GlobalSection(ProjectConfigurationPlatforms) = postSolution
		{D228DF2F-96CA-465D-AE98-ABE8DFDE23EF}.Debug|Any CPU.ActiveCfg = Debug|Any CPU
		{D228DF2F-96CA-465D-AE98-ABE8DFDE23EF}.Debug|Any CPU.Build.0 = Debug|Any CPU
		{D228DF2F-96CA-465D-AE98-ABE8DFDE23EF}.Release|Any CPU.ActiveCfg = Release|Any CPU
		{D228DF2F-96CA-465D-AE98-ABE8DFDE23EF}.Release|Any CPU.Build.0 = Release|Any CPU
	EndGlobalSection
	GlobalSection(SolutionProperties) = preSolution
		HideSolutionNode = FALSE
	EndGlobalSection
	GlobalSection(ExtensibilityGlobals) = postSolution
		SolutionGuid = {BAD53889-C97E-42EB-B954-3C5CA394F1B1}
	EndGlobalSection
EndGlobal
